
Microsoft Visual Studio Solution File, Format Version 12.00
# Visual Studio 14
VisualStudioVersion = 14.0.25420.1
MinimumVisualStudioVersion = 10.0.40219.1
Project("{FAE04EC0-301F-11D3-BF4B-00C04F79EFBC}") = "DDD.Core", "DDD.Core\DDD.Core.csproj", "{560B7B62-5B7C-4B76-B098-38B9CA43AAF3}"
EndProject
Project("{FAE04EC0-301F-11D3-BF4B-00C04F79EFBC}") = "DDD.Data", "DDD.Data\DDD.Data.csproj", "{5FD8182C-CA5F-4568-9700-297EB8C49145}"
EndProject
Project("{FAE04EC0-301F-11D3-BF4B-00C04F79EFBC}") = "DDD.Service", "DDD.Service\DDD.Service.csproj", "{DE172E51-B9FE-4AD0-B069-054F9A906909}"
EndProject
Project("{FAE04EC0-301F-11D3-BF4B-00C04F79EFBC}") = "DDD.Service.Api", "DDD.Service.Api\DDD.Service.Api.csproj", "{64144FF0-FACD-457D-81AF-7499D86A4C55}"
EndProject
Project("{FAE04EC0-301F-11D3-BF4B-00C04F79EFBC}") = "DDD.Common", "DDD.Common\DDD.Common.csproj", "{EB680F51-9ACD-40B4-9CED-C1610199E9A0}"
EndProject
Global
	GlobalSection(SolutionConfigurationPlatforms) = preSolution
		Debug|Any CPU = Debug|Any CPU
		Release|Any CPU = Release|Any CPU
	EndGlobalSection
	GlobalSection(ProjectConfigurationPlatforms) = postSolution
		{560B7B62-5B7C-4B76-B098-38B9CA43AAF3}.Debug|Any CPU.ActiveCfg = Debug|Any CPU
		{560B7B62-5B7C-4B76-B098-38B9CA43AAF3}.Debug|Any CPU.Build.0 = Debug|Any CPU
		{560B7B62-5B7C-4B76-B098-38B9CA43AAF3}.Release|Any CPU.ActiveCfg = Release|Any CPU
		{560B7B62-5B7C-4B76-B098-38B9CA43AAF3}.Release|Any CPU.Build.0 = Release|Any CPU
		{5FD8182C-CA5F-4568-9700-297EB8C49145}.Debug|Any CPU.ActiveCfg = Debug|Any CPU
		{5FD8182C-CA5F-4568-9700-297EB8C49145}.Debug|Any CPU.Build.0 = Debug|Any CPU
		{5FD8182C-CA5F-4568-9700-297EB8C49145}.Release|Any CPU.ActiveCfg = Release|Any CPU
		{5FD8182C-CA5F-4568-9700-297EB8C49145}.Release|Any CPU.Build.0 = Release|Any CPU
		{DE172E51-B9FE-4AD0-B069-054F9A906909}.Debug|Any CPU.ActiveCfg = Debug|Any CPU
		{DE172E51-B9FE-4AD0-B069-054F9A906909}.Debug|Any CPU.Build.0 = Debug|Any CPU
		{DE172E51-B9FE-4AD0-B069-054F9A906909}.Release|Any CPU.ActiveCfg = Release|Any CPU
		{DE172E51-B9FE-4AD0-B069-054F9A906909}.Release|Any CPU.Build.0 = Release|Any CPU
		{64144FF0-FACD-457D-81AF-7499D86A4C55}.Debug|Any CPU.ActiveCfg = Debug|Any CPU
		{64144FF0-FACD-457D-81AF-7499D86A4C55}.Debug|Any CPU.Build.0 = Debug|Any CPU
		{64144FF0-FACD-457D-81AF-7499D86A4C55}.Release|Any CPU.ActiveCfg = Release|Any CPU
		{64144FF0-FACD-457D-81AF-7499D86A4C55}.Release|Any CPU.Build.0 = Release|Any CPU
		{EB680F51-9ACD-40B4-9CED-C1610199E9A0}.Debug|Any CPU.ActiveCfg = Debug|Any CPU
		{EB680F51-9ACD-40B4-9CED-C1610199E9A0}.Debug|Any CPU.Build.0 = Debug|Any CPU
		{EB680F51-9ACD-40B4-9CED-C1610199E9A0}.Release|Any CPU.ActiveCfg = Release|Any CPU
		{EB680F51-9ACD-40B4-9CED-C1610199E9A0}.Release|Any CPU.Build.0 = Release|Any CPU
	EndGlobalSection
	GlobalSection(SolutionProperties) = preSolution
		HideSolutionNode = FALSE
	EndGlobalSection
EndGlobal
